// !$*UTF8*$!
{
	archiveVersion = 1;
	classes = {
	};
	objectVersion = 55;
	objects = {

/* Begin PBXBuildFile section */
		133D9D002772E6210017DC44 /* TrendingCell.xib in Resources */ = {isa = PBXBuildFile; fileRef = 133D9CFF2772E6210017DC44 /* TrendingCell.xib */; };
		133D9D022772E62B0017DC44 /* TopRatedCell.xib in Resources */ = {isa = PBXBuildFile; fileRef = 133D9D012772E62B0017DC44 /* TopRatedCell.xib */; };
		133D9D042772F0C30017DC44 /* HeaderView.swift in Sources */ = {isa = PBXBuildFile; fileRef = 133D9D032772F0C30017DC44 /* HeaderView.swift */; };
		133D9D082772F3730017DC44 /* AnimePreviewViewController.swift in Sources */ = {isa = PBXBuildFile; fileRef = 133D9D072772F3730017DC44 /* AnimePreviewViewController.swift */; };
		1358160F2772E135005A9D8E /* AppDelegate.swift in Sources */ = {isa = PBXBuildFile; fileRef = 1358160E2772E135005A9D8E /* AppDelegate.swift */; };
		135816112772E135005A9D8E /* SceneDelegate.swift in Sources */ = {isa = PBXBuildFile; fileRef = 135816102772E135005A9D8E /* SceneDelegate.swift */; };
		135816132772E135005A9D8E /* HomeViewController.swift in Sources */ = {isa = PBXBuildFile; fileRef = 135816122772E135005A9D8E /* HomeViewController.swift */; };
		135816162772E135005A9D8E /* Main.storyboard in Resources */ = {isa = PBXBuildFile; fileRef = 135816142772E135005A9D8E /* Main.storyboard */; };
		135816182772E135005A9D8E /* Assets.xcassets in Resources */ = {isa = PBXBuildFile; fileRef = 135816172772E135005A9D8E /* Assets.xcassets */; };
		1358161B2772E135005A9D8E /* LaunchScreen.storyboard in Resources */ = {isa = PBXBuildFile; fileRef = 135816192772E135005A9D8E /* LaunchScreen.storyboard */; };
		135816272772E1E4005A9D8E /* NetworkManager.swift in Sources */ = {isa = PBXBuildFile; fileRef = 135816262772E1E4005A9D8E /* NetworkManager.swift */; };
		135816292772E23D005A9D8E /* AnimeShow.swift in Sources */ = {isa = PBXBuildFile; fileRef = 135816282772E23D005A9D8E /* AnimeShow.swift */; };
		135816312772E56A005A9D8E /* TrendingCell.swift in Sources */ = {isa = PBXBuildFile; fileRef = 135816302772E56A005A9D8E /* TrendingCell.swift */; };
		135816332772E581005A9D8E /* TopRatedCell.swift in Sources */ = {isa = PBXBuildFile; fileRef = 135816322772E581005A9D8E /* TopRatedCell.swift */; };
		13CA7CE72772F48200C60D54 /* PictureCell.swift in Sources */ = {isa = PBXBuildFile; fileRef = 13CA7CE62772F48200C60D54 /* PictureCell.swift */; };
		13CA7CE92772F49B00C60D54 /* DescriptionCell.swift in Sources */ = {isa = PBXBuildFile; fileRef = 13CA7CE82772F49B00C60D54 /* DescriptionCell.swift */; };
/* End PBXBuildFile section */

/* Begin PBXFileReference section */
		133D9CFF2772E6210017DC44 /* TrendingCell.xib */ = {isa = PBXFileReference; lastKnownFileType = file.xib; path = TrendingCell.xib; sourceTree = "<group>"; };
		133D9D012772E62B0017DC44 /* TopRatedCell.xib */ = {isa = PBXFileReference; lastKnownFileType = file.xib; path = TopRatedCell.xib; sourceTree = "<group>"; };
		133D9D032772F0C30017DC44 /* HeaderView.swift */ = {isa = PBXFileReference; lastKnownFileType = sourcecode.swift; path = HeaderView.swift; sourceTree = "<group>"; };
		133D9D072772F3730017DC44 /* AnimePreviewViewController.swift */ = {isa = PBXFileReference; lastKnownFileType = sourcecode.swift; path = AnimePreviewViewController.swift; sourceTree = "<group>"; };
		1358160B2772E135005A9D8E /* nnani.app */ = {isa = PBXFileReference; explicitFileType = wrapper.application; includeInIndex = 0; path = nnani.app; sourceTree = BUILT_PRODUCTS_DIR; };
		1358160E2772E135005A9D8E /* AppDelegate.swift */ = {isa = PBXFileReference; lastKnownFileType = sourcecode.swift; path = AppDelegate.swift; sourceTree = "<group>"; };
		135816102772E135005A9D8E /* SceneDelegate.swift */ = {isa = PBXFileReference; lastKnownFileType = sourcecode.swift; path = SceneDelegate.swift; sourceTree = "<group>"; };
		135816122772E135005A9D8E /* HomeViewController.swift */ = {isa = PBXFileReference; lastKnownFileType = sourcecode.swift; path = HomeViewController.swift; sourceTree = "<group>"; };
		135816152772E135005A9D8E /* Base */ = {isa = PBXFileReference; lastKnownFileType = file.storyboard; name = Base; path = Base.lproj/Main.storyboard; sourceTree = "<group>"; };
		135816172772E135005A9D8E /* Assets.xcassets */ = {isa = PBXFileReference; lastKnownFileType = folder.assetcatalog; path = Assets.xcassets; sourceTree = "<group>"; };
		1358161A2772E135005A9D8E /* Base */ = {isa = PBXFileReference; lastKnownFileType = file.storyboard; name = Base; path = Base.lproj/LaunchScreen.storyboard; sourceTree = "<group>"; };
		1358161C2772E135005A9D8E /* Info.plist */ = {isa = PBXFileReference; lastKnownFileType = text.plist.xml; path = Info.plist; sourceTree = "<group>"; };
		135816262772E1E4005A9D8E /* NetworkManager.swift */ = {isa = PBXFileReference; lastKnownFileType = sourcecode.swift; path = NetworkManager.swift; sourceTree = "<group>"; };
		135816282772E23D005A9D8E /* AnimeShow.swift */ = {isa = PBXFileReference; lastKnownFileType = sourcecode.swift; path = AnimeShow.swift; sourceTree = "<group>"; };
		135816302772E56A005A9D8E /* TrendingCell.swift */ = {isa = PBXFileReference; lastKnownFileType = sourcecode.swift; path = TrendingCell.swift; sourceTree = "<group>"; };
		135816322772E581005A9D8E /* TopRatedCell.swift */ = {isa = PBXFileReference; lastKnownFileType = sourcecode.swift; path = TopRatedCell.swift; sourceTree = "<group>"; };
		13CA7CE62772F48200C60D54 /* PictureCell.swift */ = {isa = PBXFileReference; lastKnownFileType = sourcecode.swift; path = PictureCell.swift; sourceTree = "<group>"; };
		13CA7CE82772F49B00C60D54 /* DescriptionCell.swift */ = {isa = PBXFileReference; lastKnownFileType = sourcecode.swift; path = DescriptionCell.swift; sourceTree = "<group>"; };
/* End PBXFileReference section */

/* Begin PBXFrameworksBuildPhase section */
		135816082772E135005A9D8E /* Frameworks */ = {
			isa = PBXFrameworksBuildPhase;
			buildActionMask = 2147483647;
			files = (
			);
			runOnlyForDeploymentPostprocessing = 0;
		};
/* End PBXFrameworksBuildPhase section */

/* Begin PBXGroup section */
		133A5F522772F8D10034451A /* Search */ = {
			isa = PBXGroup;
			children = (
			);
			path = Search;
			sourceTree = "<group>";
		};
		135816022772E135005A9D8E = {
			isa = PBXGroup;
			children = (
				1358160D2772E135005A9D8E /* nnani */,
				1358160C2772E135005A9D8E /* Products */,
			);
			sourceTree = "<group>";
		};
		1358160C2772E135005A9D8E /* Products */ = {
			isa = PBXGroup;
			children = (
				1358160B2772E135005A9D8E /* nnani.app */,
			);
			name = Products;
			sourceTree = "<group>";
		};
		1358160D2772E135005A9D8E /* nnani */ = {
			isa = PBXGroup;
			children = (
				135816252772E1CD005A9D8E /* Views */,
				135816242772E1C4005A9D8E /* ViewControllers */,
				135816232772E1AF005A9D8E /* Delegates */,
				135816222772E1A9005A9D8E /* Model */,
				135816172772E135005A9D8E /* Assets.xcassets */,
				135816192772E135005A9D8E /* LaunchScreen.storyboard */,
				1358161C2772E135005A9D8E /* Info.plist */,
			);
			path = nnani;
			sourceTree = "<group>";
		};
		135816222772E1A9005A9D8E /* Model */ = {
			isa = PBXGroup;
			children = (
				135816262772E1E4005A9D8E /* NetworkManager.swift */,
				135816282772E23D005A9D8E /* AnimeShow.swift */,
				133D9D032772F0C30017DC44 /* HeaderView.swift */,
			);
			path = Model;
			sourceTree = "<group>";
		};
		135816232772E1AF005A9D8E /* Delegates */ = {
			isa = PBXGroup;
			children = (
				1358160E2772E135005A9D8E /* AppDelegate.swift */,
				135816102772E135005A9D8E /* SceneDelegate.swift */,
			);
			path = Delegates;
			sourceTree = "<group>";
		};
		135816242772E1C4005A9D8E /* ViewControllers */ = {
			isa = PBXGroup;
			children = (
				13CA7CE42772F45700C60D54 /* Home */,
				13CA7CE52772F46A00C60D54 /* Preview */,
				133A5F522772F8D10034451A /* Search */,
			);
			path = ViewControllers;
			sourceTree = "<group>";
		};
		135816252772E1CD005A9D8E /* Views */ = {
			isa = PBXGroup;
			children = (
				135816142772E135005A9D8E /* Main.storyboard */,
				133D9CFF2772E6210017DC44 /* TrendingCell.xib */,
				133D9D012772E62B0017DC44 /* TopRatedCell.xib */,
			);
			path = Views;
			sourceTree = "<group>";
		};
		13CA7CE42772F45700C60D54 /* Home */ = {
			isa = PBXGroup;
			children = (
				135816122772E135005A9D8E /* HomeViewController.swift */,
				135816302772E56A005A9D8E /* TrendingCell.swift */,
				135816322772E581005A9D8E /* TopRatedCell.swift */,
			);
			path = Home;
			sourceTree = "<group>";
		};
		13CA7CE52772F46A00C60D54 /* Preview */ = {
			isa = PBXGroup;
			children = (
				133D9D072772F3730017DC44 /* AnimePreviewViewController.swift */,
				13CA7CE62772F48200C60D54 /* PictureCell.swift */,
				13CA7CE82772F49B00C60D54 /* DescriptionCell.swift */,
			);
			path = Preview;
			sourceTree = "<group>";
		};
/* End PBXGroup section */

/* Begin PBXNativeTarget section */
		1358160A2772E135005A9D8E /* nnani */ = {
			isa = PBXNativeTarget;
			buildConfigurationList = 1358161F2772E135005A9D8E /* Build configuration list for PBXNativeTarget "nnani" */;
			buildPhases = (
				135816072772E135005A9D8E /* Sources */,
				135816082772E135005A9D8E /* Frameworks */,
				135816092772E135005A9D8E /* Resources */,
			);
			buildRules = (
			);
			dependencies = (
			);
			name = nnani;
			productName = nnani;
			productReference = 1358160B2772E135005A9D8E /* nnani.app */;
			productType = "com.apple.product-type.application";
		};
/* End PBXNativeTarget section */

/* Begin PBXProject section */
		135816032772E135005A9D8E /* Project object */ = {
			isa = PBXProject;
			attributes = {
				BuildIndependentTargetsInParallel = 1;
				LastSwiftUpdateCheck = 1320;
				LastUpgradeCheck = 1320;
				TargetAttributes = {
					1358160A2772E135005A9D8E = {
						CreatedOnToolsVersion = 13.2;
					};
				};
			};
			buildConfigurationList = 135816062772E135005A9D8E /* Build configuration list for PBXProject "nnani" */;
			compatibilityVersion = "Xcode 13.0";
			developmentRegion = en;
			hasScannedForEncodings = 0;
			knownRegions = (
				en,
				Base,
			);
			mainGroup = 135816022772E135005A9D8E;
			productRefGroup = 1358160C2772E135005A9D8E /* Products */;
			projectDirPath = "";
			projectRoot = "";
			targets = (
				1358160A2772E135005A9D8E /* nnani */,
			);
		};
/* End PBXProject section */

/* Begin PBXResourcesBuildPhase section */
		135816092772E135005A9D8E /* Resources */ = {
			isa = PBXResourcesBuildPhase;
			buildActionMask = 2147483647;
			files = (
				133D9D002772E6210017DC44 /* TrendingCell.xib in Resources */,
				1358161B2772E135005A9D8E /* LaunchScreen.storyboard in Resources */,
				135816182772E135005A9D8E /* Assets.xcassets in Resources */,
				133D9D022772E62B0017DC44 /* TopRatedCell.xib in Resources */,
				135816162772E135005A9D8E /* Main.storyboard in Resources */,
			);
			runOnlyForDeploymentPostprocessing = 0;
		};
/* End PBXResourcesBuildPhase section */

/* Begin PBXSourcesBuildPhase section */
		135816072772E135005A9D8E /* Sources */ = {
			isa = PBXSourcesBuildPhase;
			buildActionMask = 2147483647;
			files = (
				135816272772E1E4005A9D8E /* NetworkManager.swift in Sources */,
				135816132772E135005A9D8E /* HomeViewController.swift in Sources */,
				13CA7CE72772F48200C60D54 /* PictureCell.swift in Sources */,
				135816312772E56A005A9D8E /* TrendingCell.swift in Sources */,
				135816292772E23D005A9D8E /* AnimeShow.swift in Sources */,
				1358160F2772E135005A9D8E /* AppDelegate.swift in Sources */,
				135816112772E135005A9D8E /* SceneDelegate.swift in Sources */,
				133D9D082772F3730017DC44 /* AnimePreviewViewController.swift in Sources */,
				135816332772E581005A9D8E /* TopRatedCell.swift in Sources */,
				13CA7CE92772F49B00C60D54 /* DescriptionCell.swift in Sources */,
				133D9D042772F0C30017DC44 /* HeaderView.swift in Sources */,
			);
			runOnlyForDeploymentPostprocessing = 0;
		};
/* End PBXSourcesBuildPhase section */

/* Begin PBXVariantGroup section */
		135816142772E135005A9D8E /* Main.storyboard */ = {
			isa = PBXVariantGroup;
			children = (
				135816152772E135005A9D8E /* Base */,
			);
			name = Main.storyboard;
			sourceTree = "<group>";
		};
		135816192772E135005A9D8E /* LaunchScreen.storyboard */ = {
			isa = PBXVariantGroup;
			children = (
				1358161A2772E135005A9D8E /* Base */,
			);
			name = LaunchScreen.storyboard;
			sourceTree = "<group>";
		};
/* End PBXVariantGroup section */

/* Begin XCBuildConfiguration section */
		1358161D2772E135005A9D8E /* Debug */ = {
			isa = XCBuildConfiguration;
			buildSettings = {
				ALWAYS_SEARCH_USER_PATHS = NO;
				CLANG_ANALYZER_NONNULL = YES;
				CLANG_ANALYZER_NUMBER_OBJECT_CONVERSION = YES_AGGRESSIVE;
				CLANG_CXX_LANGUAGE_STANDARD = "gnu++17";
				CLANG_CXX_LIBRARY = "libc++";
				CLANG_ENABLE_MODULES = YES;
				CLANG_ENABLE_OBJC_ARC = YES;
				CLANG_ENABLE_OBJC_WEAK = YES;
				CLANG_WARN_BLOCK_CAPTURE_AUTORELEASING = YES;
				CLANG_WARN_BOOL_CONVERSION = YES;
				CLANG_WARN_COMMA = YES;
				CLANG_WARN_CONSTANT_CONVERSION = YES;
				CLANG_WARN_DEPRECATED_OBJC_IMPLEMENTATIONS = YES;
				CLANG_WARN_DIRECT_OBJC_ISA_USAGE = YES_ERROR;
				CLANG_WARN_DOCUMENTATION_COMMENTS = YES;
				CLANG_WARN_EMPTY_BODY = YES;
				CLANG_WARN_ENUM_CONVERSION = YES;
				CLANG_WARN_INFINITE_RECURSION = YES;
				CLANG_WARN_INT_CONVERSION = YES;
				CLANG_WARN_NON_LITERAL_NULL_CONVERSION = YES;
				CLANG_WARN_OBJC_IMPLICIT_RETAIN_SELF = YES;
				CLANG_WARN_OBJC_LITERAL_CONVERSION = YES;
				CLANG_WARN_OBJC_ROOT_CLASS = YES_ERROR;
				CLANG_WARN_QUOTED_INCLUDE_IN_FRAMEWORK_HEADER = YES;
				CLANG_WARN_RANGE_LOOP_ANALYSIS = YES;
				CLANG_WARN_STRICT_PROTOTYPES = YES;
				CLANG_WARN_SUSPICIOUS_MOVE = YES;
				CLANG_WARN_UNGUARDED_AVAILABILITY = YES_AGGRESSIVE;
				CLANG_WARN_UNREACHABLE_CODE = YES;
				CLANG_WARN__DUPLICATE_METHOD_MATCH = YES;
				COPY_PHASE_STRIP = NO;
				DEBUG_INFORMATION_FORMAT = dwarf;
				ENABLE_STRICT_OBJC_MSGSEND = YES;
				ENABLE_TESTABILITY = YES;
				GCC_C_LANGUAGE_STANDARD = gnu11;
				GCC_DYNAMIC_NO_PIC = NO;
				GCC_NO_COMMON_BLOCKS = YES;
				GCC_OPTIMIZATION_LEVEL = 0;
				GCC_PREPROCESSOR_DEFINITIONS = (
					"DEBUG=1",
					"$(inherited)",
				);
				GCC_WARN_64_TO_32_BIT_CONVERSION = YES;
				GCC_WARN_ABOUT_RETURN_TYPE = YES_ERROR;
				GCC_WARN_UNDECLARED_SELECTOR = YES;
				GCC_WARN_UNINITIALIZED_AUTOS = YES_AGGRESSIVE;
				GCC_WARN_UNUSED_FUNCTION = YES;
				GCC_WARN_UNUSED_VARIABLE = YES;
				IPHONEOS_DEPLOYMENT_TARGET = 15.2;
				MTL_ENABLE_DEBUG_INFO = INCLUDE_SOURCE;
				MTL_FAST_MATH = YES;
				ONLY_ACTIVE_ARCH = YES;
				SDKROOT = iphoneos;
				SWIFT_ACTIVE_COMPILATION_CONDITIONS = DEBUG;
				SWIFT_OPTIMIZATION_LEVEL = "-Onone";
			};
			name = Debug;
		};
		1358161E2772E135005A9D8E /* Release */ = {
			isa = XCBuildConfiguration;
			buildSettings = {
				ALWAYS_SEARCH_USER_PATHS = NO;
				CLANG_ANALYZER_NONNULL = YES;
				CLANG_ANALYZER_NUMBER_OBJECT_CONVERSION = YES_AGGRESSIVE;
				CLANG_CXX_LANGUAGE_STANDARD = "gnu++17";
				CLANG_CXX_LIBRARY = "libc++";
				CLANG_ENABLE_MODULES = YES;
				CLANG_ENABLE_OBJC_ARC = YES;
				CLANG_ENABLE_OBJC_WEAK = YES;
				CLANG_WARN_BLOCK_CAPTURE_AUTORELEASING = YES;
				CLANG_WARN_BOOL_CONVERSION = YES;
				CLANG_WARN_COMMA = YES;
				CLANG_WARN_CONSTANT_CONVERSION = YES;
				CLANG_WARN_DEPRECATED_OBJC_IMPLEMENTATIONS = YES;
				CLANG_WARN_DIRECT_OBJC_ISA_USAGE = YES_ERROR;
				CLANG_WARN_DOCUMENTATION_COMMENTS = YES;
				CLANG_WARN_EMPTY_BODY = YES;
				CLANG_WARN_ENUM_CONVERSION = YES;
				CLANG_WARN_INFINITE_RECURSION = YES;
				CLANG_WARN_INT_CONVERSION = YES;
				CLANG_WARN_NON_LITERAL_NULL_CONVERSION = YES;
				CLANG_WARN_OBJC_IMPLICIT_RETAIN_SELF = YES;
				CLANG_WARN_OBJC_LITERAL_CONVERSION = YES;
				CLANG_WARN_OBJC_ROOT_CLASS = YES_ERROR;
				CLANG_WARN_QUOTED_INCLUDE_IN_FRAMEWORK_HEADER = YES;
				CLANG_WARN_RANGE_LOOP_ANALYSIS = YES;
				CLANG_WARN_STRICT_PROTOTYPES = YES;
				CLANG_WARN_SUSPICIOUS_MOVE = YES;
				CLANG_WARN_UNGUARDED_AVAILABILITY = YES_AGGRESSIVE;
				CLANG_WARN_UNREACHABLE_CODE = YES;
				CLANG_WARN__DUPLICATE_METHOD_MATCH = YES;
				COPY_PHASE_STRIP = NO;
				DEBUG_INFORMATION_FORMAT = "dwarf-with-dsym";
				ENABLE_NS_ASSERTIONS = NO;
				ENABLE_STRICT_OBJC_MSGSEND = YES;
				GCC_C_LANGUAGE_STANDARD = gnu11;
				GCC_NO_COMMON_BLOCKS = YES;
				GCC_WARN_64_TO_32_BIT_CONVERSION = YES;
				GCC_WARN_ABOUT_RETURN_TYPE = YES_ERROR;
				GCC_WARN_UNDECLARED_SELECTOR = YES;
				GCC_WARN_UNINITIALIZED_AUTOS = YES_AGGRESSIVE;
				GCC_WARN_UNUSED_FUNCTION = YES;
				GCC_WARN_UNUSED_VARIABLE = YES;
				IPHONEOS_DEPLOYMENT_TARGET = 15.2;
				MTL_ENABLE_DEBUG_INFO = NO;
				MTL_FAST_MATH = YES;
				SDKROOT = iphoneos;
				SWIFT_COMPILATION_MODE = wholemodule;
				SWIFT_OPTIMIZATION_LEVEL = "-O";
				VALIDATE_PRODUCT = YES;
			};
			name = Release;
		};
		135816202772E135005A9D8E /* Debug */ = {
			isa = XCBuildConfiguration;
			buildSettings = {
				ASSETCATALOG_COMPILER_APPICON_NAME = AppIcon;
				ASSETCATALOG_COMPILER_GLOBAL_ACCENT_COLOR_NAME = AccentColor;
				CODE_SIGN_STYLE = Automatic;
				CURRENT_PROJECT_VERSION = 1;
				DEVELOPMENT_TEAM = UPFN4PM74U;
				GENERATE_INFOPLIST_FILE = YES;
				INFOPLIST_FILE = nnani/Info.plist;
				INFOPLIST_KEY_UIApplicationSupportsIndirectInputEvents = YES;
				INFOPLIST_KEY_UILaunchStoryboardName = LaunchScreen;
				INFOPLIST_KEY_UIMainStoryboardFile = Main;
				INFOPLIST_KEY_UISupportedInterfaceOrientations_iPad = "UIInterfaceOrientationPortrait UIInterfaceOrientationPortraitUpsideDown UIInterfaceOrientationLandscapeLeft UIInterfaceOrientationLandscapeRight";
				INFOPLIST_KEY_UISupportedInterfaceOrientations_iPhone = "UIInterfaceOrientationPortrait UIInterfaceOrientationLandscapeLeft UIInterfaceOrientationLandscapeRight";
				IPHONEOS_DEPLOYMENT_TARGET = 14.7;
				LD_RUNPATH_SEARCH_PATHS = (
					"$(inherited)",
					"@executable_path/Frameworks",
				);
				MARKETING_VERSION = 1.0;
				PRODUCT_BUNDLE_IDENTIFIER = vladyera.nnani;
				PRODUCT_NAME = "$(TARGET_NAME)";
				SWIFT_EMIT_LOC_STRINGS = YES;
				SWIFT_VERSION = 5.0;
				TARGETED_DEVICE_FAMILY = "1,2";
			};
			name = Debug;
		};
		135816212772E135005A9D8E /* Release */ = {
			isa = XCBuildConfiguration;
			buildSettings = {
				ASSETCATALOG_COMPILER_APPICON_NAME = AppIcon;
				ASSETCATALOG_COMPILER_GLOBAL_ACCENT_COLOR_NAME = AccentColor;
				CODE_SIGN_STYLE = Automatic;
				CURRENT_PROJECT_VERSION = 1;
				DEVELOPMENT_TEAM = UPFN4PM74U;
				GENERATE_INFOPLIST_FILE = YES;
				INFOPLIST_FILE = nnani/Info.plist;
				INFOPLIST_KEY_UIApplicationSupportsIndirectInputEvents = YES;
				INFOPLIST_KEY_UILaunchStoryboardName = LaunchScreen;
				INFOPLIST_KEY_UIMainStoryboardFile = Main;
				INFOPLIST_KEY_UISupportedInterfaceOrientations_iPad = "UIInterfaceOrientationPortrait UIInterfaceOrientationPortraitUpsideDown UIInterfaceOrientationLandscapeLeft UIInterfaceOrientationLandscapeRight";
				INFOPLIST_KEY_UISupportedInterfaceOrientations_iPhone = "UIInterfaceOrientationPortrait UIInterfaceOrientationLandscapeLeft UIInterfaceOrientationLandscapeRight";
				IPHONEOS_DEPLOYMENT_TARGET = 14.7;
				LD_RUNPATH_SEARCH_PATHS = (
					"$(inherited)",
					"@executable_path/Frameworks",
				);
				MARKETING_VERSION = 1.0;
				PRODUCT_BUNDLE_IDENTIFIER = vladyera.nnani;
				PRODUCT_NAME = "$(TARGET_NAME)";
				SWIFT_EMIT_LOC_STRINGS = YES;
				SWIFT_VERSION = 5.0;
				TARGETED_DEVICE_FAMILY = "1,2";
			};
			name = Release;
		};
/* End XCBuildConfiguration section */

/* Begin XCConfigurationList section */
		135816062772E135005A9D8E /* Build configuration list for PBXProject "nnani" */ = {
			isa = XCConfigurationList;
			buildConfigurations = (
				1358161D2772E135005A9D8E /* Debug */,
				1358161E2772E135005A9D8E /* Release */,
			);
			defaultConfigurationIsVisible = 0;
			defaultConfigurationName = Release;
		};
		1358161F2772E135005A9D8E /* Build configuration list for PBXNativeTarget "nnani" */ = {
			isa = XCConfigurationList;
			buildConfigurations = (
				135816202772E135005A9D8E /* Debug */,
				135816212772E135005A9D8E /* Release */,
			);
			defaultConfigurationIsVisible = 0;
			defaultConfigurationName = Release;
		};
/* End XCConfigurationList section */
	};
	rootObject = 135816032772E135005A9D8E /* Project object */;
}
